// !$*UTF8*$!
{
	archiveVersion = 1;
	classes = {
	};
	objectVersion = 56;
	objects = {

/* Begin PBXBuildFile section */
		562120A12B4D976A00796826 /* PhotoModel.swift in Sources */ = {isa = PBXBuildFile; fileRef = 562120A02B4D976A00796826 /* PhotoModel.swift */; };
		562120A32B4DB92800796826 /* NetworkService.swift in Sources */ = {isa = PBXBuildFile; fileRef = 562120A22B4DB92800796826 /* NetworkService.swift */; };
		562120A62B4DB9DE00796826 /* PhotoCollectionViewCell.swift in Sources */ = {isa = PBXBuildFile; fileRef = 562120A42B4DB9DE00796826 /* PhotoCollectionViewCell.swift */; };
		562120AB2B4DBEA300796826 /* SDWebImage in Frameworks */ = {isa = PBXBuildFile; productRef = 562120AA2B4DBEA300796826 /* SDWebImage */; };
		562120AD2B4DBEA300796826 /* SDWebImageMapKit in Frameworks */ = {isa = PBXBuildFile; productRef = 562120AC2B4DBEA300796826 /* SDWebImageMapKit */; };
		562120B02B4DC4C700796826 /* SnapKit in Frameworks */ = {isa = PBXBuildFile; productRef = 562120AF2B4DC4C700796826 /* SnapKit */; };
		56C934812B4C5CE500ADA022 /* AppDelegate.swift in Sources */ = {isa = PBXBuildFile; fileRef = 56C934802B4C5CE500ADA022 /* AppDelegate.swift */; };
		56C934852B4C5CE500ADA022 /* GalleryViewController.swift in Sources */ = {isa = PBXBuildFile; fileRef = 56C934842B4C5CE500ADA022 /* GalleryViewController.swift */; };
		56C9348A2B4C5CE700ADA022 /* Assets.xcassets in Resources */ = {isa = PBXBuildFile; fileRef = 56C934892B4C5CE700ADA022 /* Assets.xcassets */; };
		56CFD3ED2B53EED900BF558D /* PaddingLabel.swift in Sources */ = {isa = PBXBuildFile; fileRef = 56CFD3EC2B53EED900BF558D /* PaddingLabel.swift */; };
		56CFD3F22B542C1500BF558D /* PhotosPresenter.swift in Sources */ = {isa = PBXBuildFile; fileRef = 56CFD3F12B542C1500BF558D /* PhotosPresenter.swift */; };
		56E084552B4EF02D002A5839 /* DetailsViewController.swift in Sources */ = {isa = PBXBuildFile; fileRef = 56E084542B4EF02D002A5839 /* DetailsViewController.swift */; };
		56E7E61F2B52C8990067CDC8 /* PreferenceService.swift in Sources */ = {isa = PBXBuildFile; fileRef = 56E7E61E2B52C8990067CDC8 /* PreferenceService.swift */; };
/* End PBXBuildFile section */

/* Begin PBXFileReference section */
		562120A02B4D976A00796826 /* PhotoModel.swift */ = {isa = PBXFileReference; lastKnownFileType = sourcecode.swift; path = PhotoModel.swift; sourceTree = "<group>"; };
		562120A22B4DB92800796826 /* NetworkService.swift */ = {isa = PBXFileReference; lastKnownFileType = sourcecode.swift; path = NetworkService.swift; sourceTree = "<group>"; };
		562120A42B4DB9DE00796826 /* PhotoCollectionViewCell.swift */ = {isa = PBXFileReference; lastKnownFileType = sourcecode.swift; path = PhotoCollectionViewCell.swift; sourceTree = "<group>"; };
		56C9347D2B4C5CE500ADA022 /* Gallery.app */ = {isa = PBXFileReference; explicitFileType = wrapper.application; includeInIndex = 0; path = Gallery.app; sourceTree = BUILT_PRODUCTS_DIR; };
		56C934802B4C5CE500ADA022 /* AppDelegate.swift */ = {isa = PBXFileReference; lastKnownFileType = sourcecode.swift; path = AppDelegate.swift; sourceTree = "<group>"; };
		56C934842B4C5CE500ADA022 /* GalleryViewController.swift */ = {isa = PBXFileReference; lastKnownFileType = sourcecode.swift; path = GalleryViewController.swift; sourceTree = "<group>"; };
		56C934892B4C5CE700ADA022 /* Assets.xcassets */ = {isa = PBXFileReference; lastKnownFileType = folder.assetcatalog; path = Assets.xcassets; sourceTree = "<group>"; };
		56C9348E2B4C5CE700ADA022 /* Info.plist */ = {isa = PBXFileReference; lastKnownFileType = text.plist.xml; path = Info.plist; sourceTree = "<group>"; };
		56CFD3EC2B53EED900BF558D /* PaddingLabel.swift */ = {isa = PBXFileReference; lastKnownFileType = sourcecode.swift; path = PaddingLabel.swift; sourceTree = "<group>"; };
		56CFD3F12B542C1500BF558D /* PhotosPresenter.swift */ = {isa = PBXFileReference; lastKnownFileType = sourcecode.swift; path = PhotosPresenter.swift; sourceTree = "<group>"; };
		56E084542B4EF02D002A5839 /* DetailsViewController.swift */ = {isa = PBXFileReference; lastKnownFileType = sourcecode.swift; path = DetailsViewController.swift; sourceTree = "<group>"; };
		56E7E61E2B52C8990067CDC8 /* PreferenceService.swift */ = {isa = PBXFileReference; lastKnownFileType = sourcecode.swift; path = PreferenceService.swift; sourceTree = "<group>"; };
/* End PBXFileReference section */

/* Begin PBXFrameworksBuildPhase section */
		56C9347A2B4C5CE500ADA022 /* Frameworks */ = {
			isa = PBXFrameworksBuildPhase;
			buildActionMask = 2147483647;
			files = (
				562120B02B4DC4C700796826 /* SnapKit in Frameworks */,
				562120AD2B4DBEA300796826 /* SDWebImageMapKit in Frameworks */,
				562120AB2B4DBEA300796826 /* SDWebImage in Frameworks */,
			);
			runOnlyForDeploymentPostprocessing = 0;
		};
/* End PBXFrameworksBuildPhase section */

/* Begin PBXGroup section */
		562120A82B4DB9E200796826 /* PhotoCell */ = {
			isa = PBXGroup;
			children = (
				562120A42B4DB9DE00796826 /* PhotoCollectionViewCell.swift */,
			);
			path = PhotoCell;
			sourceTree = "<group>";
		};
		56C934742B4C5CE500ADA022 = {
			isa = PBXGroup;
			children = (
				56C9347F2B4C5CE500ADA022 /* Gallery */,
				56C9347E2B4C5CE500ADA022 /* Products */,
			);
			sourceTree = "<group>";
		};
		56C9347E2B4C5CE500ADA022 /* Products */ = {
			isa = PBXGroup;
			children = (
				56C9347D2B4C5CE500ADA022 /* Gallery.app */,
			);
			name = Products;
			sourceTree = "<group>";
		};
		56C9347F2B4C5CE500ADA022 /* Gallery */ = {
			isa = PBXGroup;
			children = (
				56C934892B4C5CE700ADA022 /* Assets.xcassets */,
				56C9348E2B4C5CE700ADA022 /* Info.plist */,
				56C934802B4C5CE500ADA022 /* AppDelegate.swift */,
				56EDAAEE2B55104400FBCC6B /* Services */,
				56CFD3F02B5403DF00BF558D /* Network */,
				56EDAAEA2B550F6500FBCC6B /* Modules */,
			);
			path = Gallery;
			sourceTree = "<group>";
		};
		56CFD3F02B5403DF00BF558D /* Network */ = {
			isa = PBXGroup;
			children = (
				562120A22B4DB92800796826 /* NetworkService.swift */,
			);
			path = Network;
			sourceTree = "<group>";
		};
		56EDAAE92B550F4000FBCC6B /* PhotoModel */ = {
			isa = PBXGroup;
			children = (
				562120A02B4D976A00796826 /* PhotoModel.swift */,
			);
			path = PhotoModel;
			sourceTree = "<group>";
		};
		56EDAAEA2B550F6500FBCC6B /* Modules */ = {
			isa = PBXGroup;
			children = (
				56EDAAED2B550FAA00FBCC6B /* Gallery */,
			);
			path = Modules;
			sourceTree = "<group>";
		};
		56EDAAEB2B550F8F00FBCC6B /* View */ = {
			isa = PBXGroup;
			children = (
				562120A82B4DB9E200796826 /* PhotoCell */,
				56C934842B4C5CE500ADA022 /* GalleryViewController.swift */,
				56E084542B4EF02D002A5839 /* DetailsViewController.swift */,
			);
			path = View;
			sourceTree = "<group>";
		};
		56EDAAEC2B550FA100FBCC6B /* Presenter */ = {
			isa = PBXGroup;
			children = (
				56CFD3F12B542C1500BF558D /* PhotosPresenter.swift */,
			);
			path = Presenter;
			sourceTree = "<group>";
		};
		56EDAAED2B550FAA00FBCC6B /* Gallery */ = {
			isa = PBXGroup;
			children = (
				56EDAAE92B550F4000FBCC6B /* PhotoModel */,
				56EDAAEC2B550FA100FBCC6B /* Presenter */,
				56EDAAEB2B550F8F00FBCC6B /* View */,
			);
			path = Gallery;
			sourceTree = "<group>";
		};
		56EDAAEE2B55104400FBCC6B /* Services */ = {
			isa = PBXGroup;
			children = (
				56CFD3EC2B53EED900BF558D /* PaddingLabel.swift */,
				56E7E61E2B52C8990067CDC8 /* PreferenceService.swift */,
			);
			path = Services;
			sourceTree = "<group>";
		};
/* End PBXGroup section */

/* Begin PBXNativeTarget section */
		56C9347C2B4C5CE500ADA022 /* Gallery */ = {
			isa = PBXNativeTarget;
			buildConfigurationList = 56C934912B4C5CE700ADA022 /* Build configuration list for PBXNativeTarget "Gallery" */;
			buildPhases = (
				56C934792B4C5CE500ADA022 /* Sources */,
				56C9347A2B4C5CE500ADA022 /* Frameworks */,
				56C9347B2B4C5CE500ADA022 /* Resources */,
			);
			buildRules = (
			);
			dependencies = (
			);
			name = Gallery;
			packageProductDependencies = (
				562120AA2B4DBEA300796826 /* SDWebImage */,
				562120AC2B4DBEA300796826 /* SDWebImageMapKit */,
				562120AF2B4DC4C700796826 /* SnapKit */,
			);
			productName = Gallery;
			productReference = 56C9347D2B4C5CE500ADA022 /* Gallery.app */;
			productType = "com.apple.product-type.application";
		};
/* End PBXNativeTarget section */

/* Begin PBXProject section */
		56C934752B4C5CE500ADA022 /* Project object */ = {
			isa = PBXProject;
			attributes = {
				BuildIndependentTargetsInParallel = 1;
				LastSwiftUpdateCheck = 1500;
				LastUpgradeCheck = 1500;
				TargetAttributes = {
					56C9347C2B4C5CE500ADA022 = {
						CreatedOnToolsVersion = 15.0;
					};
				};
			};
			buildConfigurationList = 56C934782B4C5CE500ADA022 /* Build configuration list for PBXProject "Gallery" */;
			compatibilityVersion = "Xcode 14.0";
			developmentRegion = en;
			hasScannedForEncodings = 0;
			knownRegions = (
				en,
				Base,
			);
			mainGroup = 56C934742B4C5CE500ADA022;
			packageReferences = (
				562120A92B4DBEA300796826 /* XCRemoteSwiftPackageReference "SDWebImage" */,
				562120AE2B4DC4C700796826 /* XCRemoteSwiftPackageReference "SnapKit" */,
			);
			productRefGroup = 56C9347E2B4C5CE500ADA022 /* Products */;
			projectDirPath = "";
			projectRoot = "";
			targets = (
				56C9347C2B4C5CE500ADA022 /* Gallery */,
			);
		};
/* End PBXProject section */

/* Begin PBXResourcesBuildPhase section */
		56C9347B2B4C5CE500ADA022 /* Resources */ = {
			isa = PBXResourcesBuildPhase;
			buildActionMask = 2147483647;
			files = (
				56C9348A2B4C5CE700ADA022 /* Assets.xcassets in Resources */,
			);
			runOnlyForDeploymentPostprocessing = 0;
		};
/* End PBXResourcesBuildPhase section */

/* Begin PBXSourcesBuildPhase section */
		56C934792B4C5CE500ADA022 /* Sources */ = {
			isa = PBXSourcesBuildPhase;
			buildActionMask = 2147483647;
			files = (
				56C934852B4C5CE500ADA022 /* GalleryViewController.swift in Sources */,
				56C934812B4C5CE500ADA022 /* AppDelegate.swift in Sources */,
				56CFD3F22B542C1500BF558D /* PhotosPresenter.swift in Sources */,
				56E7E61F2B52C8990067CDC8 /* PreferenceService.swift in Sources */,
				562120A32B4DB92800796826 /* NetworkService.swift in Sources */,
				562120A12B4D976A00796826 /* PhotoModel.swift in Sources */,
				56E084552B4EF02D002A5839 /* DetailsViewController.swift in Sources */,
				56CFD3ED2B53EED900BF558D /* PaddingLabel.swift in Sources */,
				562120A62B4DB9DE00796826 /* PhotoCollectionViewCell.swift in Sources */,
			);
			runOnlyForDeploymentPostprocessing = 0;
		};
/* End PBXSourcesBuildPhase section */

/* Begin XCBuildConfiguration section */
		56C9348F2B4C5CE700ADA022 /* Debug */ = {
			isa = XCBuildConfiguration;
			buildSettings = {
				ALWAYS_SEARCH_USER_PATHS = NO;
				ASSETCATALOG_COMPILER_GENERATE_SWIFT_ASSET_SYMBOL_EXTENSIONS = YES;
				CLANG_ANALYZER_NONNULL = YES;
				CLANG_ANALYZER_NUMBER_OBJECT_CONVERSION = YES_AGGRESSIVE;
				CLANG_CXX_LANGUAGE_STANDARD = "gnu++20";
				CLANG_ENABLE_MODULES = YES;
				CLANG_ENABLE_OBJC_ARC = YES;
				CLANG_ENABLE_OBJC_WEAK = YES;
				CLANG_WARN_BLOCK_CAPTURE_AUTORELEASING = YES;
				CLANG_WARN_BOOL_CONVERSION = YES;
				CLANG_WARN_COMMA = YES;
				CLANG_WARN_CONSTANT_CONVERSION = YES;
				CLANG_WARN_DEPRECATED_OBJC_IMPLEMENTATIONS = YES;
				CLANG_WARN_DIRECT_OBJC_ISA_USAGE = YES_ERROR;
				CLANG_WARN_DOCUMENTATION_COMMENTS = YES;
				CLANG_WARN_EMPTY_BODY = YES;
				CLANG_WARN_ENUM_CONVERSION = YES;
				CLANG_WARN_INFINITE_RECURSION = YES;
				CLANG_WARN_INT_CONVERSION = YES;
				CLANG_WARN_NON_LITERAL_NULL_CONVERSION = YES;
				CLANG_WARN_OBJC_IMPLICIT_RETAIN_SELF = YES;
				CLANG_WARN_OBJC_LITERAL_CONVERSION = YES;
				CLANG_WARN_OBJC_ROOT_CLASS = YES_ERROR;
				CLANG_WARN_QUOTED_INCLUDE_IN_FRAMEWORK_HEADER = YES;
				CLANG_WARN_RANGE_LOOP_ANALYSIS = YES;
				CLANG_WARN_STRICT_PROTOTYPES = YES;
				CLANG_WARN_SUSPICIOUS_MOVE = YES;
				CLANG_WARN_UNGUARDED_AVAILABILITY = YES_AGGRESSIVE;
				CLANG_WARN_UNREACHABLE_CODE = YES;
				CLANG_WARN__DUPLICATE_METHOD_MATCH = YES;
				COPY_PHASE_STRIP = NO;
				DEBUG_INFORMATION_FORMAT = dwarf;
				ENABLE_STRICT_OBJC_MSGSEND = YES;
				ENABLE_TESTABILITY = YES;
				ENABLE_USER_SCRIPT_SANDBOXING = YES;
				GCC_C_LANGUAGE_STANDARD = gnu17;
				GCC_DYNAMIC_NO_PIC = NO;
				GCC_NO_COMMON_BLOCKS = YES;
				GCC_OPTIMIZATION_LEVEL = 0;
				GCC_PREPROCESSOR_DEFINITIONS = (
					"DEBUG=1",
					"$(inherited)",
				);
				GCC_WARN_64_TO_32_BIT_CONVERSION = YES;
				GCC_WARN_ABOUT_RETURN_TYPE = YES_ERROR;
				GCC_WARN_UNDECLARED_SELECTOR = YES;
				GCC_WARN_UNINITIALIZED_AUTOS = YES_AGGRESSIVE;
				GCC_WARN_UNUSED_FUNCTION = YES;
				GCC_WARN_UNUSED_VARIABLE = YES;
				IPHONEOS_DEPLOYMENT_TARGET = 13.0;
				LOCALIZATION_PREFERS_STRING_CATALOGS = YES;
				MTL_ENABLE_DEBUG_INFO = INCLUDE_SOURCE;
				MTL_FAST_MATH = YES;
				ONLY_ACTIVE_ARCH = YES;
				SDKROOT = iphoneos;
				SWIFT_ACTIVE_COMPILATION_CONDITIONS = "DEBUG $(inherited)";
				SWIFT_OPTIMIZATION_LEVEL = "-Onone";
			};
			name = Debug;
		};
		56C934902B4C5CE700ADA022 /* Release */ = {
			isa = XCBuildConfiguration;
			buildSettings = {
				ALWAYS_SEARCH_USER_PATHS = NO;
				ASSETCATALOG_COMPILER_GENERATE_SWIFT_ASSET_SYMBOL_EXTENSIONS = YES;
				CLANG_ANALYZER_NONNULL = YES;
				CLANG_ANALYZER_NUMBER_OBJECT_CONVERSION = YES_AGGRESSIVE;
				CLANG_CXX_LANGUAGE_STANDARD = "gnu++20";
				CLANG_ENABLE_MODULES = YES;
				CLANG_ENABLE_OBJC_ARC = YES;
				CLANG_ENABLE_OBJC_WEAK = YES;
				CLANG_WARN_BLOCK_CAPTURE_AUTORELEASING = YES;
				CLANG_WARN_BOOL_CONVERSION = YES;
				CLANG_WARN_COMMA = YES;
				CLANG_WARN_CONSTANT_CONVERSION = YES;
				CLANG_WARN_DEPRECATED_OBJC_IMPLEMENTATIONS = YES;
				CLANG_WARN_DIRECT_OBJC_ISA_USAGE = YES_ERROR;
				CLANG_WARN_DOCUMENTATION_COMMENTS = YES;
				CLANG_WARN_EMPTY_BODY = YES;
				CLANG_WARN_ENUM_CONVERSION = YES;
				CLANG_WARN_INFINITE_RECURSION = YES;
				CLANG_WARN_INT_CONVERSION = YES;
				CLANG_WARN_NON_LITERAL_NULL_CONVERSION = YES;
				CLANG_WARN_OBJC_IMPLICIT_RETAIN_SELF = YES;
				CLANG_WARN_OBJC_LITERAL_CONVERSION = YES;
				CLANG_WARN_OBJC_ROOT_CLASS = YES_ERROR;
				CLANG_WARN_QUOTED_INCLUDE_IN_FRAMEWORK_HEADER = YES;
				CLANG_WARN_RANGE_LOOP_ANALYSIS = YES;
				CLANG_WARN_STRICT_PROTOTYPES = YES;
				CLANG_WARN_SUSPICIOUS_MOVE = YES;
				CLANG_WARN_UNGUARDED_AVAILABILITY = YES_AGGRESSIVE;
				CLANG_WARN_UNREACHABLE_CODE = YES;
				CLANG_WARN__DUPLICATE_METHOD_MATCH = YES;
				COPY_PHASE_STRIP = NO;
				DEBUG_INFORMATION_FORMAT = "dwarf-with-dsym";
				ENABLE_NS_ASSERTIONS = NO;
				ENABLE_STRICT_OBJC_MSGSEND = YES;
				ENABLE_USER_SCRIPT_SANDBOXING = YES;
				GCC_C_LANGUAGE_STANDARD = gnu17;
				GCC_NO_COMMON_BLOCKS = YES;
				GCC_WARN_64_TO_32_BIT_CONVERSION = YES;
				GCC_WARN_ABOUT_RETURN_TYPE = YES_ERROR;
				GCC_WARN_UNDECLARED_SELECTOR = YES;
				GCC_WARN_UNINITIALIZED_AUTOS = YES_AGGRESSIVE;
				GCC_WARN_UNUSED_FUNCTION = YES;
				GCC_WARN_UNUSED_VARIABLE = YES;
				IPHONEOS_DEPLOYMENT_TARGET = 13.0;
				LOCALIZATION_PREFERS_STRING_CATALOGS = YES;
				MTL_ENABLE_DEBUG_INFO = NO;
				MTL_FAST_MATH = YES;
				SDKROOT = iphoneos;
				SWIFT_COMPILATION_MODE = wholemodule;
				VALIDATE_PRODUCT = YES;
			};
			name = Release;
		};
		56C934922B4C5CE700ADA022 /* Debug */ = {
			isa = XCBuildConfiguration;
			buildSettings = {
				ASSETCATALOG_COMPILER_APPICON_NAME = AppIcon;
				ASSETCATALOG_COMPILER_GLOBAL_ACCENT_COLOR_NAME = AccentColor;
				CODE_SIGN_IDENTITY = "Apple Development";
				CODE_SIGN_STYLE = Automatic;
				CURRENT_PROJECT_VERSION = 1;
				DEVELOPMENT_TEAM = 35U8DKD425;
				GENERATE_INFOPLIST_FILE = YES;
				INFOPLIST_FILE = Gallery/Info.plist;
				INFOPLIST_KEY_UIApplicationSupportsIndirectInputEvents = YES;
				INFOPLIST_KEY_UILaunchStoryboardName = LaunchScreen;
				INFOPLIST_KEY_UIMainStoryboardFile = "";
				INFOPLIST_KEY_UISupportedInterfaceOrientations_iPad = "UIInterfaceOrientationPortrait UIInterfaceOrientationPortraitUpsideDown UIInterfaceOrientationLandscapeLeft UIInterfaceOrientationLandscapeRight";
				INFOPLIST_KEY_UISupportedInterfaceOrientations_iPhone = "UIInterfaceOrientationPortrait UIInterfaceOrientationLandscapeLeft UIInterfaceOrientationLandscapeRight";
				IPHONEOS_DEPLOYMENT_TARGET = 13.0;
				LD_RUNPATH_SEARCH_PATHS = (
					"$(inherited)",
					"@executable_path/Frameworks",
				);
				MARKETING_VERSION = 1.0;
				PRODUCT_BUNDLE_IDENTIFIER = test.Galleryapp;
				PRODUCT_NAME = "$(TARGET_NAME)";
				PROVISIONING_PROFILE_SPECIFIER = "";
				SWIFT_EMIT_LOC_STRINGS = YES;
				SWIFT_VERSION = 5.0;
				TARGETED_DEVICE_FAMILY = "1,2";
			};
			name = Debug;
		};
		56C934932B4C5CE700ADA022 /* Release */ = {
			isa = XCBuildConfiguration;
			buildSettings = {
				ASSETCATALOG_COMPILER_APPICON_NAME = AppIcon;
				ASSETCATALOG_COMPILER_GLOBAL_ACCENT_COLOR_NAME = AccentColor;
				CODE_SIGN_IDENTITY = "Apple Development";
				CODE_SIGN_STYLE = Automatic;
				CURRENT_PROJECT_VERSION = 1;
				DEVELOPMENT_TEAM = 35U8DKD425;
				GENERATE_INFOPLIST_FILE = YES;
				INFOPLIST_FILE = Gallery/Info.plist;
				INFOPLIST_KEY_UIApplicationSupportsIndirectInputEvents = YES;
				INFOPLIST_KEY_UILaunchStoryboardName = LaunchScreen;
				INFOPLIST_KEY_UIMainStoryboardFile = "";
				INFOPLIST_KEY_UISupportedInterfaceOrientations_iPad = "UIInterfaceOrientationPortrait UIInterfaceOrientationPortraitUpsideDown UIInterfaceOrientationLandscapeLeft UIInterfaceOrientationLandscapeRight";
				INFOPLIST_KEY_UISupportedInterfaceOrientations_iPhone = "UIInterfaceOrientationPortrait UIInterfaceOrientationLandscapeLeft UIInterfaceOrientationLandscapeRight";
				IPHONEOS_DEPLOYMENT_TARGET = 13.0;
				LD_RUNPATH_SEARCH_PATHS = (
					"$(inherited)",
					"@executable_path/Frameworks",
				);
				MARKETING_VERSION = 1.0;
				PRODUCT_BUNDLE_IDENTIFIER = test.Galleryapp;
				PRODUCT_NAME = "$(TARGET_NAME)";
				PROVISIONING_PROFILE_SPECIFIER = "";
				SWIFT_EMIT_LOC_STRINGS = YES;
				SWIFT_VERSION = 5.0;
				TARGETED_DEVICE_FAMILY = "1,2";
			};
			name = Release;
		};
/* End XCBuildConfiguration section */

/* Begin XCConfigurationList section */
		56C934782B4C5CE500ADA022 /* Build configuration list for PBXProject "Gallery" */ = {
			isa = XCConfigurationList;
			buildConfigurations = (
				56C9348F2B4C5CE700ADA022 /* Debug */,
				56C934902B4C5CE700ADA022 /* Release */,
			);
			defaultConfigurationIsVisible = 0;
			defaultConfigurationName = Release;
		};
		56C934912B4C5CE700ADA022 /* Build configuration list for PBXNativeTarget "Gallery" */ = {
			isa = XCConfigurationList;
			buildConfigurations = (
				56C934922B4C5CE700ADA022 /* Debug */,
				56C934932B4C5CE700ADA022 /* Release */,
			);
			defaultConfigurationIsVisible = 0;
			defaultConfigurationName = Release;
		};
/* End XCConfigurationList section */

/* Begin XCRemoteSwiftPackageReference section */
		562120A92B4DBEA300796826 /* XCRemoteSwiftPackageReference "SDWebImage" */ = {
			isa = XCRemoteSwiftPackageReference;
			repositoryURL = "https://github.com/SDWebImage/SDWebImage";
			requirement = {
				kind = upToNextMajorVersion;
				minimumVersion = 5.18.8;
			};
		};
		562120AE2B4DC4C700796826 /* XCRemoteSwiftPackageReference "SnapKit" */ = {
			isa = XCRemoteSwiftPackageReference;
			repositoryURL = "https://github.com/SnapKit/SnapKit";
			requirement = {
				kind = upToNextMajorVersion;
				minimumVersion = 5.7.0;
			};
		};
/* End XCRemoteSwiftPackageReference section */

/* Begin XCSwiftPackageProductDependency section */
		562120AA2B4DBEA300796826 /* SDWebImage */ = {
			isa = XCSwiftPackageProductDependency;
			package = 562120A92B4DBEA300796826 /* XCRemoteSwiftPackageReference "SDWebImage" */;
			productName = SDWebImage;
		};
		562120AC2B4DBEA300796826 /* SDWebImageMapKit */ = {
			isa = XCSwiftPackageProductDependency;
			package = 562120A92B4DBEA300796826 /* XCRemoteSwiftPackageReference "SDWebImage" */;
			productName = SDWebImageMapKit;
		};
		562120AF2B4DC4C700796826 /* SnapKit */ = {
			isa = XCSwiftPackageProductDependency;
			package = 562120AE2B4DC4C700796826 /* XCRemoteSwiftPackageReference "SnapKit" */;
			productName = SnapKit;
		};
/* End XCSwiftPackageProductDependency section */
	};
	rootObject = 56C934752B4C5CE500ADA022 /* Project object */;
}
